
Microsoft Visual Studio Solution File, Format Version 12.00
# Visual Studio Version 17
VisualStudioVersion = 17.11.35222.181
MinimumVisualStudioVersion = 10.0.40219.1
Project("{FAE04EC0-301F-11D3-BF4B-00C04F79EFBC}") = "lab-5", "lab-5\lab-5.csproj", "{C8778A70-894B-45DB-9CE1-B46D5DF5984A}"
EndProject
Global
	GlobalSection(SolutionConfigurationPlatforms) = preSolution
		Debug|Any CPU = Debug|Any CPU
		Release|Any CPU = Release|Any CPU
	EndGlobalSection
	GlobalSection(ProjectConfigurationPlatforms) = postSolution
		{C8778A70-894B-45DB-9CE1-B46D5DF5984A}.Debug|Any CPU.ActiveCfg = Debug|Any CPU
		{C8778A70-894B-45DB-9CE1-B46D5DF5984A}.Debug|Any CPU.Build.0 = Debug|Any CPU
		{C8778A70-894B-45DB-9CE1-B46D5DF5984A}.Release|Any CPU.ActiveCfg = Release|Any CPU
		{C8778A70-894B-45DB-9CE1-B46D5DF5984A}.Release|Any CPU.Build.0 = Release|Any CPU
	EndGlobalSection
	GlobalSection(SolutionProperties) = preSolution
		HideSolutionNode = FALSE
	EndGlobalSection
	GlobalSection(ExtensibilityGlobals) = postSolution
		SolutionGuid = {60FF07FE-51C2-4004-A443-C6C6F5B0DE48}
	EndGlobalSection
EndGlobal
