
Microsoft Visual Studio Solution File, Format Version 12.00
# Visual Studio Version 17
VisualStudioVersion = 17.11.35312.102
MinimumVisualStudioVersion = 10.0.40219.1
Project("{FAE04EC0-301F-11D3-BF4B-00C04F79EFBC}") = "lab-3", "lab-3\lab-3.csproj", "{A30A6B39-4C33-4F51-A4B7-400095F14414}"
EndProject
Global
	GlobalSection(SolutionConfigurationPlatforms) = preSolution
		Debug|Any CPU = Debug|Any CPU
		Release|Any CPU = Release|Any CPU
	EndGlobalSection
	GlobalSection(ProjectConfigurationPlatforms) = postSolution
		{A30A6B39-4C33-4F51-A4B7-400095F14414}.Debug|Any CPU.ActiveCfg = Debug|Any CPU
		{A30A6B39-4C33-4F51-A4B7-400095F14414}.Debug|Any CPU.Build.0 = Debug|Any CPU
		{A30A6B39-4C33-4F51-A4B7-400095F14414}.Release|Any CPU.ActiveCfg = Release|Any CPU
		{A30A6B39-4C33-4F51-A4B7-400095F14414}.Release|Any CPU.Build.0 = Release|Any CPU
	EndGlobalSection
	GlobalSection(SolutionProperties) = preSolution
		HideSolutionNode = FALSE
	EndGlobalSection
	GlobalSection(ExtensibilityGlobals) = postSolution
		SolutionGuid = {54F40541-E654-46EB-8D1E-6F54C25F832E}
	EndGlobalSection
EndGlobal
